// !$*UTF8*$!
{
	archiveVersion = 1;
	classes = {
	};
	objectVersion = 51;
	objects = {

/* Begin PBXBuildFile section */
		4A29C7226ABAE928EC1324E8 /* Pods_Parstagram.framework in Frameworks */ = {isa = PBXBuildFile; fileRef = 152718AFB3199684C588A8E5 /* Pods_Parstagram.framework */; };
		60170487238887F6002784F9 /* CommentCell.swift in Sources */ = {isa = PBXBuildFile; fileRef = 60170486238887F6002784F9 /* CommentCell.swift */; };
		6051B386238642B6003B0B3A /* LoginViewController.swift in Sources */ = {isa = PBXBuildFile; fileRef = 6051B385238642B6003B0B3A /* LoginViewController.swift */; };
		6051B388238642BE003B0B3A /* FeedViewController.swift in Sources */ = {isa = PBXBuildFile; fileRef = 6051B387238642BE003B0B3A /* FeedViewController.swift */; };
		6051B38A2386481D003B0B3A /* CameraViewController.swift in Sources */ = {isa = PBXBuildFile; fileRef = 6051B3892386481D003B0B3A /* CameraViewController.swift */; };
		6051B38C23866183003B0B3A /* PostCell.swift in Sources */ = {isa = PBXBuildFile; fileRef = 6051B38B23866183003B0B3A /* PostCell.swift */; };
		60641695238632EF00FC9B4F /* AppDelegate.swift in Sources */ = {isa = PBXBuildFile; fileRef = 60641694238632EF00FC9B4F /* AppDelegate.swift */; };
		60641697238632EF00FC9B4F /* SceneDelegate.swift in Sources */ = {isa = PBXBuildFile; fileRef = 60641696238632EF00FC9B4F /* SceneDelegate.swift */; };
		6064169C238632EF00FC9B4F /* Main.storyboard in Resources */ = {isa = PBXBuildFile; fileRef = 6064169A238632EF00FC9B4F /* Main.storyboard */; };
		6064169E238632F000FC9B4F /* Assets.xcassets in Resources */ = {isa = PBXBuildFile; fileRef = 6064169D238632F000FC9B4F /* Assets.xcassets */; };
		606416A1238632F000FC9B4F /* LaunchScreen.storyboard in Resources */ = {isa = PBXBuildFile; fileRef = 6064169F238632F000FC9B4F /* LaunchScreen.storyboard */; };
		606416AC238632F100FC9B4F /* ParstagramTests.swift in Sources */ = {isa = PBXBuildFile; fileRef = 606416AB238632F100FC9B4F /* ParstagramTests.swift */; };
		606416B7238632F100FC9B4F /* ParstagramUITests.swift in Sources */ = {isa = PBXBuildFile; fileRef = 606416B6238632F100FC9B4F /* ParstagramUITests.swift */; };
		782627FE9F1CFB7B19B9E641 /* Pods_Parstagram_ParstagramUITests.framework in Frameworks */ = {isa = PBXBuildFile; fileRef = 710B74A2ACB05605CCD01A52 /* Pods_Parstagram_ParstagramUITests.framework */; };
		BB4EBC6719D8B101A9F2A0F6 /* Pods_ParstagramTests.framework in Frameworks */ = {isa = PBXBuildFile; fileRef = 4BE4C452BE3C36A17C2D6E84 /* Pods_ParstagramTests.framework */; };
/* End PBXBuildFile section */

/* Begin PBXContainerItemProxy section */
		606416A8238632F100FC9B4F /* PBXContainerItemProxy */ = {
			isa = PBXContainerItemProxy;
			containerPortal = 60641689238632EF00FC9B4F /* Project object */;
			proxyType = 1;
			remoteGlobalIDString = 60641690238632EF00FC9B4F;
			remoteInfo = Parstagram;
		};
		606416B3238632F100FC9B4F /* PBXContainerItemProxy */ = {
			isa = PBXContainerItemProxy;
			containerPortal = 60641689238632EF00FC9B4F /* Project object */;
			proxyType = 1;
			remoteGlobalIDString = 60641690238632EF00FC9B4F;
			remoteInfo = Parstagram;
		};
/* End PBXContainerItemProxy section */

/* Begin PBXFileReference section */
		152718AFB3199684C588A8E5 /* Pods_Parstagram.framework */ = {isa = PBXFileReference; explicitFileType = wrapper.framework; includeInIndex = 0; path = Pods_Parstagram.framework; sourceTree = BUILT_PRODUCTS_DIR; };
		16F130BB4EDBB45E9C0CF018 /* Pods-Parstagram-ParstagramUITests.debug.xcconfig */ = {isa = PBXFileReference; includeInIndex = 1; lastKnownFileType = text.xcconfig; name = "Pods-Parstagram-ParstagramUITests.debug.xcconfig"; path = "Target Support Files/Pods-Parstagram-ParstagramUITests/Pods-Parstagram-ParstagramUITests.debug.xcconfig"; sourceTree = "<group>"; };
		2D1437FB074815DA4C9B535D /* Pods-Parstagram-ParstagramUITests.release.xcconfig */ = {isa = PBXFileReference; includeInIndex = 1; lastKnownFileType = text.xcconfig; name = "Pods-Parstagram-ParstagramUITests.release.xcconfig"; path = "Target Support Files/Pods-Parstagram-ParstagramUITests/Pods-Parstagram-ParstagramUITests.release.xcconfig"; sourceTree = "<group>"; };
		4BE4C452BE3C36A17C2D6E84 /* Pods_ParstagramTests.framework */ = {isa = PBXFileReference; explicitFileType = wrapper.framework; includeInIndex = 0; path = Pods_ParstagramTests.framework; sourceTree = BUILT_PRODUCTS_DIR; };
		60170486238887F6002784F9 /* CommentCell.swift */ = {isa = PBXFileReference; lastKnownFileType = sourcecode.swift; path = CommentCell.swift; sourceTree = "<group>"; };
		6051B385238642B6003B0B3A /* LoginViewController.swift */ = {isa = PBXFileReference; lastKnownFileType = sourcecode.swift; path = LoginViewController.swift; sourceTree = "<group>"; };
		6051B387238642BE003B0B3A /* FeedViewController.swift */ = {isa = PBXFileReference; lastKnownFileType = sourcecode.swift; path = FeedViewController.swift; sourceTree = "<group>"; };
		6051B3892386481D003B0B3A /* CameraViewController.swift */ = {isa = PBXFileReference; lastKnownFileType = sourcecode.swift; path = CameraViewController.swift; sourceTree = "<group>"; };
		6051B38B23866183003B0B3A /* PostCell.swift */ = {isa = PBXFileReference; lastKnownFileType = sourcecode.swift; path = PostCell.swift; sourceTree = "<group>"; };
		60641691238632EF00FC9B4F /* Parstagram.app */ = {isa = PBXFileReference; explicitFileType = wrapper.application; includeInIndex = 0; path = Parstagram.app; sourceTree = BUILT_PRODUCTS_DIR; };
		60641694238632EF00FC9B4F /* AppDelegate.swift */ = {isa = PBXFileReference; lastKnownFileType = sourcecode.swift; path = AppDelegate.swift; sourceTree = "<group>"; };
		60641696238632EF00FC9B4F /* SceneDelegate.swift */ = {isa = PBXFileReference; lastKnownFileType = sourcecode.swift; path = SceneDelegate.swift; sourceTree = "<group>"; };
		6064169B238632EF00FC9B4F /* Base */ = {isa = PBXFileReference; lastKnownFileType = file.storyboard; name = Base; path = Base.lproj/Main.storyboard; sourceTree = "<group>"; };
		6064169D238632F000FC9B4F /* Assets.xcassets */ = {isa = PBXFileReference; lastKnownFileType = folder.assetcatalog; path = Assets.xcassets; sourceTree = "<group>"; };
		606416A0238632F000FC9B4F /* Base */ = {isa = PBXFileReference; lastKnownFileType = file.storyboard; name = Base; path = Base.lproj/LaunchScreen.storyboard; sourceTree = "<group>"; };
		606416A2238632F000FC9B4F /* Info.plist */ = {isa = PBXFileReference; lastKnownFileType = text.plist.xml; path = Info.plist; sourceTree = "<group>"; };
		606416A7238632F100FC9B4F /* ParstagramTests.xctest */ = {isa = PBXFileReference; explicitFileType = wrapper.cfbundle; includeInIndex = 0; path = ParstagramTests.xctest; sourceTree = BUILT_PRODUCTS_DIR; };
		606416AB238632F100FC9B4F /* ParstagramTests.swift */ = {isa = PBXFileReference; lastKnownFileType = sourcecode.swift; path = ParstagramTests.swift; sourceTree = "<group>"; };
		606416AD238632F100FC9B4F /* Info.plist */ = {isa = PBXFileReference; lastKnownFileType = text.plist.xml; path = Info.plist; sourceTree = "<group>"; };
		606416B2238632F100FC9B4F /* ParstagramUITests.xctest */ = {isa = PBXFileReference; explicitFileType = wrapper.cfbundle; includeInIndex = 0; path = ParstagramUITests.xctest; sourceTree = BUILT_PRODUCTS_DIR; };
		606416B6238632F100FC9B4F /* ParstagramUITests.swift */ = {isa = PBXFileReference; lastKnownFileType = sourcecode.swift; path = ParstagramUITests.swift; sourceTree = "<group>"; };
		606416B8238632F100FC9B4F /* Info.plist */ = {isa = PBXFileReference; lastKnownFileType = text.plist.xml; path = Info.plist; sourceTree = "<group>"; };
		710B74A2ACB05605CCD01A52 /* Pods_Parstagram_ParstagramUITests.framework */ = {isa = PBXFileReference; explicitFileType = wrapper.framework; includeInIndex = 0; path = Pods_Parstagram_ParstagramUITests.framework; sourceTree = BUILT_PRODUCTS_DIR; };
		720260ED35A384A4A0DEB191 /* Pods-ParstagramTests.debug.xcconfig */ = {isa = PBXFileReference; includeInIndex = 1; lastKnownFileType = text.xcconfig; name = "Pods-ParstagramTests.debug.xcconfig"; path = "Target Support Files/Pods-ParstagramTests/Pods-ParstagramTests.debug.xcconfig"; sourceTree = "<group>"; };
		A65AA9BB790E6903EA4B9EDF /* Pods-Parstagram.release.xcconfig */ = {isa = PBXFileReference; includeInIndex = 1; lastKnownFileType = text.xcconfig; name = "Pods-Parstagram.release.xcconfig"; path = "Target Support Files/Pods-Parstagram/Pods-Parstagram.release.xcconfig"; sourceTree = "<group>"; };
		A9A0E4A450AD88DED8739074 /* Pods-ParstagramTests.release.xcconfig */ = {isa = PBXFileReference; includeInIndex = 1; lastKnownFileType = text.xcconfig; name = "Pods-ParstagramTests.release.xcconfig"; path = "Target Support Files/Pods-ParstagramTests/Pods-ParstagramTests.release.xcconfig"; sourceTree = "<group>"; };
		AF351CC7DFE4A7AD4B7364F6 /* Pods-Parstagram.debug.xcconfig */ = {isa = PBXFileReference; includeInIndex = 1; lastKnownFileType = text.xcconfig; name = "Pods-Parstagram.debug.xcconfig"; path = "Target Support Files/Pods-Parstagram/Pods-Parstagram.debug.xcconfig"; sourceTree = "<group>"; };
/* End PBXFileReference section */

/* Begin PBXFrameworksBuildPhase section */
		6064168E238632EF00FC9B4F /* Frameworks */ = {
			isa = PBXFrameworksBuildPhase;
			buildActionMask = 2147483647;
			files = (
				4A29C7226ABAE928EC1324E8 /* Pods_Parstagram.framework in Frameworks */,
			);
			runOnlyForDeploymentPostprocessing = 0;
		};
		606416A4238632F100FC9B4F /* Frameworks */ = {
			isa = PBXFrameworksBuildPhase;
			buildActionMask = 2147483647;
			files = (
				BB4EBC6719D8B101A9F2A0F6 /* Pods_ParstagramTests.framework in Frameworks */,
			);
			runOnlyForDeploymentPostprocessing = 0;
		};
		606416AF238632F100FC9B4F /* Frameworks */ = {
			isa = PBXFrameworksBuildPhase;
			buildActionMask = 2147483647;
			files = (
				782627FE9F1CFB7B19B9E641 /* Pods_Parstagram_ParstagramUITests.framework in Frameworks */,
			);
			runOnlyForDeploymentPostprocessing = 0;
		};
/* End PBXFrameworksBuildPhase section */

/* Begin PBXGroup section */
		41775A962095C9CC7F57C4E4 /* Frameworks */ = {
			isa = PBXGroup;
			children = (
				152718AFB3199684C588A8E5 /* Pods_Parstagram.framework */,
				710B74A2ACB05605CCD01A52 /* Pods_Parstagram_ParstagramUITests.framework */,
				4BE4C452BE3C36A17C2D6E84 /* Pods_ParstagramTests.framework */,
			);
			name = Frameworks;
			sourceTree = "<group>";
		};
		60641688238632EF00FC9B4F = {
			isa = PBXGroup;
			children = (
				60641693238632EF00FC9B4F /* Parstagram */,
				606416AA238632F100FC9B4F /* ParstagramTests */,
				606416B5238632F100FC9B4F /* ParstagramUITests */,
				60641692238632EF00FC9B4F /* Products */,
				7E84F2514D9D9857553A5CEF /* Pods */,
				41775A962095C9CC7F57C4E4 /* Frameworks */,
			);
			sourceTree = "<group>";
		};
		60641692238632EF00FC9B4F /* Products */ = {
			isa = PBXGroup;
			children = (
				60641691238632EF00FC9B4F /* Parstagram.app */,
				606416A7238632F100FC9B4F /* ParstagramTests.xctest */,
				606416B2238632F100FC9B4F /* ParstagramUITests.xctest */,
			);
			name = Products;
			sourceTree = "<group>";
		};
		60641693238632EF00FC9B4F /* Parstagram */ = {
			isa = PBXGroup;
			children = (
				60641694238632EF00FC9B4F /* AppDelegate.swift */,
				6051B385238642B6003B0B3A /* LoginViewController.swift */,
				6051B3892386481D003B0B3A /* CameraViewController.swift */,
				6051B38B23866183003B0B3A /* PostCell.swift */,
				6051B387238642BE003B0B3A /* FeedViewController.swift */,
				60641696238632EF00FC9B4F /* SceneDelegate.swift */,
				60170486238887F6002784F9 /* CommentCell.swift */,
				6064169A238632EF00FC9B4F /* Main.storyboard */,
				6064169D238632F000FC9B4F /* Assets.xcassets */,
				6064169F238632F000FC9B4F /* LaunchScreen.storyboard */,
				606416A2238632F000FC9B4F /* Info.plist */,
			);
			path = Parstagram;
			sourceTree = "<group>";
		};
		606416AA238632F100FC9B4F /* ParstagramTests */ = {
			isa = PBXGroup;
			children = (
				606416AB238632F100FC9B4F /* ParstagramTests.swift */,
				606416AD238632F100FC9B4F /* Info.plist */,
			);
			path = ParstagramTests;
			sourceTree = "<group>";
		};
		606416B5238632F100FC9B4F /* ParstagramUITests */ = {
			isa = PBXGroup;
			children = (
				606416B6238632F100FC9B4F /* ParstagramUITests.swift */,
				606416B8238632F100FC9B4F /* Info.plist */,
			);
			path = ParstagramUITests;
			sourceTree = "<group>";
		};
		7E84F2514D9D9857553A5CEF /* Pods */ = {
			isa = PBXGroup;
			children = (
				AF351CC7DFE4A7AD4B7364F6 /* Pods-Parstagram.debug.xcconfig */,
				A65AA9BB790E6903EA4B9EDF /* Pods-Parstagram.release.xcconfig */,
				16F130BB4EDBB45E9C0CF018 /* Pods-Parstagram-ParstagramUITests.debug.xcconfig */,
				2D1437FB074815DA4C9B535D /* Pods-Parstagram-ParstagramUITests.release.xcconfig */,
				720260ED35A384A4A0DEB191 /* Pods-ParstagramTests.debug.xcconfig */,
				A9A0E4A450AD88DED8739074 /* Pods-ParstagramTests.release.xcconfig */,
			);
			path = Pods;
			sourceTree = "<group>";
		};
/* End PBXGroup section */

/* Begin PBXNativeTarget section */
		60641690238632EF00FC9B4F /* Parstagram */ = {
			isa = PBXNativeTarget;
			buildConfigurationList = 606416BB238632F100FC9B4F /* Build configuration list for PBXNativeTarget "Parstagram" */;
			buildPhases = (
				58439F2F7216D71EF92BC8BE /* [CP] Check Pods Manifest.lock */,
				6064168D238632EF00FC9B4F /* Sources */,
				6064168E238632EF00FC9B4F /* Frameworks */,
				6064168F238632EF00FC9B4F /* Resources */,
				64B10279B59CEDBB1337F93B /* [CP] Embed Pods Frameworks */,
			);
			buildRules = (
			);
			dependencies = (
			);
			name = Parstagram;
			productName = Parstagram;
			productReference = 60641691238632EF00FC9B4F /* Parstagram.app */;
			productType = "com.apple.product-type.application";
		};
		606416A6238632F100FC9B4F /* ParstagramTests */ = {
			isa = PBXNativeTarget;
			buildConfigurationList = 606416BE238632F100FC9B4F /* Build configuration list for PBXNativeTarget "ParstagramTests" */;
			buildPhases = (
				BEF57B233B7EFBEA07C50762 /* [CP] Check Pods Manifest.lock */,
				606416A3238632F100FC9B4F /* Sources */,
				606416A4238632F100FC9B4F /* Frameworks */,
				606416A5238632F100FC9B4F /* Resources */,
			);
			buildRules = (
			);
			dependencies = (
				606416A9238632F100FC9B4F /* PBXTargetDependency */,
			);
			name = ParstagramTests;
			productName = ParstagramTests;
			productReference = 606416A7238632F100FC9B4F /* ParstagramTests.xctest */;
			productType = "com.apple.product-type.bundle.unit-test";
		};
		606416B1238632F100FC9B4F /* ParstagramUITests */ = {
			isa = PBXNativeTarget;
			buildConfigurationList = 606416C1238632F100FC9B4F /* Build configuration list for PBXNativeTarget "ParstagramUITests" */;
			buildPhases = (
				7EF78D6BC92E3DE2482BE21B /* [CP] Check Pods Manifest.lock */,
				606416AE238632F100FC9B4F /* Sources */,
				606416AF238632F100FC9B4F /* Frameworks */,
				606416B0238632F100FC9B4F /* Resources */,
				BB24540E22BA2434EE740B5F /* [CP] Embed Pods Frameworks */,
			);
			buildRules = (
			);
			dependencies = (
				606416B4238632F100FC9B4F /* PBXTargetDependency */,
			);
			name = ParstagramUITests;
			productName = ParstagramUITests;
			productReference = 606416B2238632F100FC9B4F /* ParstagramUITests.xctest */;
			productType = "com.apple.product-type.bundle.ui-testing";
		};
/* End PBXNativeTarget section */

/* Begin PBXProject section */
		60641689238632EF00FC9B4F /* Project object */ = {
			isa = PBXProject;
			attributes = {
				LastSwiftUpdateCheck = 1100;
				LastUpgradeCheck = 1100;
				ORGANIZATIONNAME = willgao;
				TargetAttributes = {
					60641690238632EF00FC9B4F = {
						CreatedOnToolsVersion = 11.0;
					};
					606416A6238632F100FC9B4F = {
						CreatedOnToolsVersion = 11.0;
						TestTargetID = 60641690238632EF00FC9B4F;
					};
					606416B1238632F100FC9B4F = {
						CreatedOnToolsVersion = 11.0;
						TestTargetID = 60641690238632EF00FC9B4F;
					};
				};
			};
			buildConfigurationList = 6064168C238632EF00FC9B4F /* Build configuration list for PBXProject "Parstagram" */;
			compatibilityVersion = "Xcode 9.3";
			developmentRegion = en;
			hasScannedForEncodings = 0;
			knownRegions = (
				en,
				Base,
			);
			mainGroup = 60641688238632EF00FC9B4F;
			productRefGroup = 60641692238632EF00FC9B4F /* Products */;
			projectDirPath = "";
			projectRoot = "";
			targets = (
				60641690238632EF00FC9B4F /* Parstagram */,
				606416A6238632F100FC9B4F /* ParstagramTests */,
				606416B1238632F100FC9B4F /* ParstagramUITests */,
			);
		};
/* End PBXProject section */

/* Begin PBXResourcesBuildPhase section */
		6064168F238632EF00FC9B4F /* Resources */ = {
			isa = PBXResourcesBuildPhase;
			buildActionMask = 2147483647;
			files = (
				606416A1238632F000FC9B4F /* LaunchScreen.storyboard in Resources */,
				6064169E238632F000FC9B4F /* Assets.xcassets in Resources */,
				6064169C238632EF00FC9B4F /* Main.storyboard in Resources */,
			);
			runOnlyForDeploymentPostprocessing = 0;
		};
		606416A5238632F100FC9B4F /* Resources */ = {
			isa = PBXResourcesBuildPhase;
			buildActionMask = 2147483647;
			files = (
			);
			runOnlyForDeploymentPostprocessing = 0;
		};
		606416B0238632F100FC9B4F /* Resources */ = {
			isa = PBXResourcesBuildPhase;
			buildActionMask = 2147483647;
			files = (
			);
			runOnlyForDeploymentPostprocessing = 0;
		};
/* End PBXResourcesBuildPhase section */

/* Begin PBXShellScriptBuildPhase section */
		58439F2F7216D71EF92BC8BE /* [CP] Check Pods Manifest.lock */ = {
			isa = PBXShellScriptBuildPhase;
			buildActionMask = 2147483647;
			files = (
			);
			inputFileListPaths = (
			);
			inputPaths = (
				"${PODS_PODFILE_DIR_PATH}/Podfile.lock",
				"${PODS_ROOT}/Manifest.lock",
			);
			name = "[CP] Check Pods Manifest.lock";
			outputFileListPaths = (
			);
			outputPaths = (
				"$(DERIVED_FILE_DIR)/Pods-Parstagram-checkManifestLockResult.txt",
			);
			runOnlyForDeploymentPostprocessing = 0;
			shellPath = /bin/sh;
			shellScript = "diff \"${PODS_PODFILE_DIR_PATH}/Podfile.lock\" \"${PODS_ROOT}/Manifest.lock\" > /dev/null\nif [ $? != 0 ] ; then\n    # print error to STDERR\n    echo \"error: The sandbox is not in sync with the Podfile.lock. Run 'pod install' or update your CocoaPods installation.\" >&2\n    exit 1\nfi\n# This output is used by Xcode 'outputs' to avoid re-running this script phase.\necho \"SUCCESS\" > \"${SCRIPT_OUTPUT_FILE_0}\"\n";
			showEnvVarsInLog = 0;
		};
		64B10279B59CEDBB1337F93B /* [CP] Embed Pods Frameworks */ = {
			isa = PBXShellScriptBuildPhase;
			buildActionMask = 2147483647;
			files = (
			);
			inputFileListPaths = (
				"${PODS_ROOT}/Target Support Files/Pods-Parstagram/Pods-Parstagram-frameworks-${CONFIGURATION}-input-files.xcfilelist",
			);
			name = "[CP] Embed Pods Frameworks";
			outputFileListPaths = (
				"${PODS_ROOT}/Target Support Files/Pods-Parstagram/Pods-Parstagram-frameworks-${CONFIGURATION}-output-files.xcfilelist",
			);
			runOnlyForDeploymentPostprocessing = 0;
			shellPath = /bin/sh;
			shellScript = "\"${PODS_ROOT}/Target Support Files/Pods-Parstagram/Pods-Parstagram-frameworks.sh\"\n";
			showEnvVarsInLog = 0;
		};
		7EF78D6BC92E3DE2482BE21B /* [CP] Check Pods Manifest.lock */ = {
			isa = PBXShellScriptBuildPhase;
			buildActionMask = 2147483647;
			files = (
			);
			inputFileListPaths = (
			);
			inputPaths = (
				"${PODS_PODFILE_DIR_PATH}/Podfile.lock",
				"${PODS_ROOT}/Manifest.lock",
			);
			name = "[CP] Check Pods Manifest.lock";
			outputFileListPaths = (
			);
			outputPaths = (
				"$(DERIVED_FILE_DIR)/Pods-Parstagram-ParstagramUITests-checkManifestLockResult.txt",
			);
			runOnlyForDeploymentPostprocessing = 0;
			shellPath = /bin/sh;
			shellScript = "diff \"${PODS_PODFILE_DIR_PATH}/Podfile.lock\" \"${PODS_ROOT}/Manifest.lock\" > /dev/null\nif [ $? != 0 ] ; then\n    # print error to STDERR\n    echo \"error: The sandbox is not in sync with the Podfile.lock. Run 'pod install' or update your CocoaPods installation.\" >&2\n    exit 1\nfi\n# This output is used by Xcode 'outputs' to avoid re-running this script phase.\necho \"SUCCESS\" > \"${SCRIPT_OUTPUT_FILE_0}\"\n";
			showEnvVarsInLog = 0;
		};
		BB24540E22BA2434EE740B5F /* [CP] Embed Pods Frameworks */ = {
			isa = PBXShellScriptBuildPhase;
			buildActionMask = 2147483647;
			files = (
			);
			inputFileListPaths = (
				"${PODS_ROOT}/Target Support Files/Pods-Parstagram-ParstagramUITests/Pods-Parstagram-ParstagramUITests-frameworks-${CONFIGURATION}-input-files.xcfilelist",
			);
			name = "[CP] Embed Pods Frameworks";
			outputFileListPaths = (
				"${PODS_ROOT}/Target Support Files/Pods-Parstagram-ParstagramUITests/Pods-Parstagram-ParstagramUITests-frameworks-${CONFIGURATION}-output-files.xcfilelist",
			);
			runOnlyForDeploymentPostprocessing = 0;
			shellPath = /bin/sh;
			shellScript = "\"${PODS_ROOT}/Target Support Files/Pods-Parstagram-ParstagramUITests/Pods-Parstagram-ParstagramUITests-frameworks.sh\"\n";
			showEnvVarsInLog = 0;
		};
		BEF57B233B7EFBEA07C50762 /* [CP] Check Pods Manifest.lock */ = {
			isa = PBXShellScriptBuildPhase;
			buildActionMask = 2147483647;
			files = (
			);
			inputFileListPaths = (
			);
			inputPaths = (
				"${PODS_PODFILE_DIR_PATH}/Podfile.lock",
				"${PODS_ROOT}/Manifest.lock",
			);
			name = "[CP] Check Pods Manifest.lock";
			outputFileListPaths = (
			);
			outputPaths = (
				"$(DERIVED_FILE_DIR)/Pods-ParstagramTests-checkManifestLockResult.txt",
			);
			runOnlyForDeploymentPostprocessing = 0;
			shellPath = /bin/sh;
			shellScript = "diff \"${PODS_PODFILE_DIR_PATH}/Podfile.lock\" \"${PODS_ROOT}/Manifest.lock\" > /dev/null\nif [ $? != 0 ] ; then\n    # print error to STDERR\n    echo \"error: The sandbox is not in sync with the Podfile.lock. Run 'pod install' or update your CocoaPods installation.\" >&2\n    exit 1\nfi\n# This output is used by Xcode 'outputs' to avoid re-running this script phase.\necho \"SUCCESS\" > \"${SCRIPT_OUTPUT_FILE_0}\"\n";
			showEnvVarsInLog = 0;
		};
/* End PBXShellScriptBuildPhase section */

/* Begin PBXSourcesBuildPhase section */
		6064168D238632EF00FC9B4F /* Sources */ = {
			isa = PBXSourcesBuildPhase;
			buildActionMask = 2147483647;
			files = (
				6051B386238642B6003B0B3A /* LoginViewController.swift in Sources */,
				6051B38A2386481D003B0B3A /* CameraViewController.swift in Sources */,
				60641695238632EF00FC9B4F /* AppDelegate.swift in Sources */,
				6051B388238642BE003B0B3A /* FeedViewController.swift in Sources */,
				60641697238632EF00FC9B4F /* SceneDelegate.swift in Sources */,
				6051B38C23866183003B0B3A /* PostCell.swift in Sources */,
				60170487238887F6002784F9 /* CommentCell.swift in Sources */,
			);
			runOnlyForDeploymentPostprocessing = 0;
		};
		606416A3238632F100FC9B4F /* Sources */ = {
			isa = PBXSourcesBuildPhase;
			buildActionMask = 2147483647;
			files = (
				606416AC238632F100FC9B4F /* ParstagramTests.swift in Sources */,
			);
			runOnlyForDeploymentPostprocessing = 0;
		};
		606416AE238632F100FC9B4F /* Sources */ = {
			isa = PBXSourcesBuildPhase;
			buildActionMask = 2147483647;
			files = (
				606416B7238632F100FC9B4F /* ParstagramUITests.swift in Sources */,
			);
			runOnlyForDeploymentPostprocessing = 0;
		};
/* End PBXSourcesBuildPhase section */

/* Begin PBXTargetDependency section */
		606416A9238632F100FC9B4F /* PBXTargetDependency */ = {
			isa = PBXTargetDependency;
			target = 60641690238632EF00FC9B4F /* Parstagram */;
			targetProxy = 606416A8238632F100FC9B4F /* PBXContainerItemProxy */;
		};
		606416B4238632F100FC9B4F /* PBXTargetDependency */ = {
			isa = PBXTargetDependency;
			target = 60641690238632EF00FC9B4F /* Parstagram */;
			targetProxy = 606416B3238632F100FC9B4F /* PBXContainerItemProxy */;
		};
/* End PBXTargetDependency section */

/* Begin PBXVariantGroup section */
		6064169A238632EF00FC9B4F /* Main.storyboard */ = {
			isa = PBXVariantGroup;
			children = (
				6064169B238632EF00FC9B4F /* Base */,
			);
			name = Main.storyboard;
			sourceTree = "<group>";
		};
		6064169F238632F000FC9B4F /* LaunchScreen.storyboard */ = {
			isa = PBXVariantGroup;
			children = (
				606416A0238632F000FC9B4F /* Base */,
			);
			name = LaunchScreen.storyboard;
			sourceTree = "<group>";
		};
/* End PBXVariantGroup section */

/* Begin XCBuildConfiguration section */
		606416B9238632F100FC9B4F /* Debug */ = {
			isa = XCBuildConfiguration;
			buildSettings = {
				ALWAYS_SEARCH_USER_PATHS = NO;
				CLANG_ANALYZER_NONNULL = YES;
				CLANG_ANALYZER_NUMBER_OBJECT_CONVERSION = YES_AGGRESSIVE;
				CLANG_CXX_LANGUAGE_STANDARD = "gnu++14";
				CLANG_CXX_LIBRARY = "libc++";
				CLANG_ENABLE_MODULES = YES;
				CLANG_ENABLE_OBJC_ARC = YES;
				CLANG_ENABLE_OBJC_WEAK = YES;
				CLANG_WARN_BLOCK_CAPTURE_AUTORELEASING = YES;
				CLANG_WARN_BOOL_CONVERSION = YES;
				CLANG_WARN_COMMA = YES;
				CLANG_WARN_CONSTANT_CONVERSION = YES;
				CLANG_WARN_DEPRECATED_OBJC_IMPLEMENTATIONS = YES;
				CLANG_WARN_DIRECT_OBJC_ISA_USAGE = YES_ERROR;
				CLANG_WARN_DOCUMENTATION_COMMENTS = YES;
				CLANG_WARN_EMPTY_BODY = YES;
				CLANG_WARN_ENUM_CONVERSION = YES;
				CLANG_WARN_INFINITE_RECURSION = YES;
				CLANG_WARN_INT_CONVERSION = YES;
				CLANG_WARN_NON_LITERAL_NULL_CONVERSION = YES;
				CLANG_WARN_OBJC_IMPLICIT_RETAIN_SELF = YES;
				CLANG_WARN_OBJC_LITERAL_CONVERSION = YES;
				CLANG_WARN_OBJC_ROOT_CLASS = YES_ERROR;
				CLANG_WARN_RANGE_LOOP_ANALYSIS = YES;
				CLANG_WARN_STRICT_PROTOTYPES = YES;
				CLANG_WARN_SUSPICIOUS_MOVE = YES;
				CLANG_WARN_UNGUARDED_AVAILABILITY = YES_AGGRESSIVE;
				CLANG_WARN_UNREACHABLE_CODE = YES;
				CLANG_WARN__DUPLICATE_METHOD_MATCH = YES;
				COPY_PHASE_STRIP = NO;
				DEBUG_INFORMATION_FORMAT = dwarf;
				ENABLE_STRICT_OBJC_MSGSEND = YES;
				ENABLE_TESTABILITY = YES;
				GCC_C_LANGUAGE_STANDARD = gnu11;
				GCC_DYNAMIC_NO_PIC = NO;
				GCC_NO_COMMON_BLOCKS = YES;
				GCC_OPTIMIZATION_LEVEL = 0;
				GCC_PREPROCESSOR_DEFINITIONS = (
					"DEBUG=1",
					"$(inherited)",
				);
				GCC_WARN_64_TO_32_BIT_CONVERSION = YES;
				GCC_WARN_ABOUT_RETURN_TYPE = YES_ERROR;
				GCC_WARN_UNDECLARED_SELECTOR = YES;
				GCC_WARN_UNINITIALIZED_AUTOS = YES_AGGRESSIVE;
				GCC_WARN_UNUSED_FUNCTION = YES;
				GCC_WARN_UNUSED_VARIABLE = YES;
				IPHONEOS_DEPLOYMENT_TARGET = 13.0;
				MTL_ENABLE_DEBUG_INFO = INCLUDE_SOURCE;
				MTL_FAST_MATH = YES;
				ONLY_ACTIVE_ARCH = YES;
				SDKROOT = iphoneos;
				SWIFT_ACTIVE_COMPILATION_CONDITIONS = DEBUG;
				SWIFT_OPTIMIZATION_LEVEL = "-Onone";
			};
			name = Debug;
		};
		606416BA238632F100FC9B4F /* Release */ = {
			isa = XCBuildConfiguration;
			buildSettings = {
				ALWAYS_SEARCH_USER_PATHS = NO;
				CLANG_ANALYZER_NONNULL = YES;
				CLANG_ANALYZER_NUMBER_OBJECT_CONVERSION = YES_AGGRESSIVE;
				CLANG_CXX_LANGUAGE_STANDARD = "gnu++14";
				CLANG_CXX_LIBRARY = "libc++";
				CLANG_ENABLE_MODULES = YES;
				CLANG_ENABLE_OBJC_ARC = YES;
				CLANG_ENABLE_OBJC_WEAK = YES;
				CLANG_WARN_BLOCK_CAPTURE_AUTORELEASING = YES;
				CLANG_WARN_BOOL_CONVERSION = YES;
				CLANG_WARN_COMMA = YES;
				CLANG_WARN_CONSTANT_CONVERSION = YES;
				CLANG_WARN_DEPRECATED_OBJC_IMPLEMENTATIONS = YES;
				CLANG_WARN_DIRECT_OBJC_ISA_USAGE = YES_ERROR;
				CLANG_WARN_DOCUMENTATION_COMMENTS = YES;
				CLANG_WARN_EMPTY_BODY = YES;
				CLANG_WARN_ENUM_CONVERSION = YES;
				CLANG_WARN_INFINITE_RECURSION = YES;
				CLANG_WARN_INT_CONVERSION = YES;
				CLANG_WARN_NON_LITERAL_NULL_CONVERSION = YES;
				CLANG_WARN_OBJC_IMPLICIT_RETAIN_SELF = YES;
				CLANG_WARN_OBJC_LITERAL_CONVERSION = YES;
				CLANG_WARN_OBJC_ROOT_CLASS = YES_ERROR;
				CLANG_WARN_RANGE_LOOP_ANALYSIS = YES;
				CLANG_WARN_STRICT_PROTOTYPES = YES;
				CLANG_WARN_SUSPICIOUS_MOVE = YES;
				CLANG_WARN_UNGUARDED_AVAILABILITY = YES_AGGRESSIVE;
				CLANG_WARN_UNREACHABLE_CODE = YES;
				CLANG_WARN__DUPLICATE_METHOD_MATCH = YES;
				COPY_PHASE_STRIP = NO;
				DEBUG_INFORMATION_FORMAT = "dwarf-with-dsym";
				ENABLE_NS_ASSERTIONS = NO;
				ENABLE_STRICT_OBJC_MSGSEND = YES;
				GCC_C_LANGUAGE_STANDARD = gnu11;
				GCC_NO_COMMON_BLOCKS = YES;
				GCC_WARN_64_TO_32_BIT_CONVERSION = YES;
				GCC_WARN_ABOUT_RETURN_TYPE = YES_ERROR;
				GCC_WARN_UNDECLARED_SELECTOR = YES;
				GCC_WARN_UNINITIALIZED_AUTOS = YES_AGGRESSIVE;
				GCC_WARN_UNUSED_FUNCTION = YES;
				GCC_WARN_UNUSED_VARIABLE = YES;
				IPHONEOS_DEPLOYMENT_TARGET = 13.0;
				MTL_ENABLE_DEBUG_INFO = NO;
				MTL_FAST_MATH = YES;
				SDKROOT = iphoneos;
				SWIFT_COMPILATION_MODE = wholemodule;
				SWIFT_OPTIMIZATION_LEVEL = "-O";
				VALIDATE_PRODUCT = YES;
			};
			name = Release;
		};
		606416BC238632F100FC9B4F /* Debug */ = {
			isa = XCBuildConfiguration;
			baseConfigurationReference = AF351CC7DFE4A7AD4B7364F6 /* Pods-Parstagram.debug.xcconfig */;
			buildSettings = {
				ASSETCATALOG_COMPILER_APPICON_NAME = AppIcon;
				CODE_SIGN_STYLE = Automatic;
				DEVELOPMENT_TEAM = 9D42V74SS4;
				INFOPLIST_FILE = Parstagram/Info.plist;
				LD_RUNPATH_SEARCH_PATHS = (
					"$(inherited)",
					"@executable_path/Frameworks",
				);
				PRODUCT_BUNDLE_IDENTIFIER = com.willgao.Parstagram;
				PRODUCT_NAME = "$(TARGET_NAME)";
				SWIFT_VERSION = 5.0;
				TARGETED_DEVICE_FAMILY = "1,2";
			};
			name = Debug;
		};
		606416BD238632F100FC9B4F /* Release */ = {
			isa = XCBuildConfiguration;
			baseConfigurationReference = A65AA9BB790E6903EA4B9EDF /* Pods-Parstagram.release.xcconfig */;
			buildSettings = {
				ASSETCATALOG_COMPILER_APPICON_NAME = AppIcon;
				CODE_SIGN_STYLE = Automatic;
				DEVELOPMENT_TEAM = 9D42V74SS4;
				INFOPLIST_FILE = Parstagram/Info.plist;
				LD_RUNPATH_SEARCH_PATHS = (
					"$(inherited)",
					"@executable_path/Frameworks",
				);
				PRODUCT_BUNDLE_IDENTIFIER = com.willgao.Parstagram;
				PRODUCT_NAME = "$(TARGET_NAME)";
				SWIFT_VERSION = 5.0;
				TARGETED_DEVICE_FAMILY = "1,2";
			};
			name = Release;
		};
		606416BF238632F100FC9B4F /* Debug */ = {
			isa = XCBuildConfiguration;
			baseConfigurationReference = 720260ED35A384A4A0DEB191 /* Pods-ParstagramTests.debug.xcconfig */;
			buildSettings = {
				ALWAYS_EMBED_SWIFT_STANDARD_LIBRARIES = YES;
				BUNDLE_LOADER = "$(TEST_HOST)";
				CODE_SIGN_STYLE = Automatic;
				DEVELOPMENT_TEAM = 9D42V74SS4;
				INFOPLIST_FILE = ParstagramTests/Info.plist;
				IPHONEOS_DEPLOYMENT_TARGET = 13.0;
				LD_RUNPATH_SEARCH_PATHS = (
					"$(inherited)",
					"@executable_path/Frameworks",
					"@loader_path/Frameworks",
				);
				PRODUCT_BUNDLE_IDENTIFIER = com.willgao.ParstagramTests;
				PRODUCT_NAME = "$(TARGET_NAME)";
				SWIFT_VERSION = 5.0;
				TARGETED_DEVICE_FAMILY = "1,2";
				TEST_HOST = "$(BUILT_PRODUCTS_DIR)/Parstagram.app/Parstagram";
			};
			name = Debug;
		};
		606416C0238632F100FC9B4F /* Release */ = {
			isa = XCBuildConfiguration;
			baseConfigurationReference = A9A0E4A450AD88DED8739074 /* Pods-ParstagramTests.release.xcconfig */;
			buildSettings = {
				ALWAYS_EMBED_SWIFT_STANDARD_LIBRARIES = YES;
				BUNDLE_LOADER = "$(TEST_HOST)";
				CODE_SIGN_STYLE = Automatic;
				DEVELOPMENT_TEAM = 9D42V74SS4;
				INFOPLIST_FILE = ParstagramTests/Info.plist;
				IPHONEOS_DEPLOYMENT_TARGET = 13.0;
				LD_RUNPATH_SEARCH_PATHS = (
					"$(inherited)",
					"@executable_path/Frameworks",
					"@loader_path/Frameworks",
				);
				PRODUCT_BUNDLE_IDENTIFIER = com.willgao.ParstagramTests;
				PRODUCT_NAME = "$(TARGET_NAME)";
				SWIFT_VERSION = 5.0;
				TARGETED_DEVICE_FAMILY = "1,2";
				TEST_HOST = "$(BUILT_PRODUCTS_DIR)/Parstagram.app/Parstagram";
			};
			name = Release;
		};
		606416C2238632F100FC9B4F /* Debug */ = {
			isa = XCBuildConfiguration;
			baseConfigurationReference = 16F130BB4EDBB45E9C0CF018 /* Pods-Parstagram-ParstagramUITests.debug.xcconfig */;
			buildSettings = {
				ALWAYS_EMBED_SWIFT_STANDARD_LIBRARIES = YES;
				CODE_SIGN_STYLE = Automatic;
				DEVELOPMENT_TEAM = 9D42V74SS4;
				INFOPLIST_FILE = ParstagramUITests/Info.plist;
				LD_RUNPATH_SEARCH_PATHS = (
					"$(inherited)",
					"@executable_path/Frameworks",
					"@loader_path/Frameworks",
				);
				PRODUCT_BUNDLE_IDENTIFIER = com.willgao.ParstagramUITests;
				PRODUCT_NAME = "$(TARGET_NAME)";
				SWIFT_VERSION = 5.0;
				TARGETED_DEVICE_FAMILY = "1,2";
				TEST_TARGET_NAME = Parstagram;
			};
			name = Debug;
		};
		606416C3238632F100FC9B4F /* Release */ = {
			isa = XCBuildConfiguration;
			baseConfigurationReference = 2D1437FB074815DA4C9B535D /* Pods-Parstagram-ParstagramUITests.release.xcconfig */;
			buildSettings = {
				ALWAYS_EMBED_SWIFT_STANDARD_LIBRARIES = YES;
				CODE_SIGN_STYLE = Automatic;
				DEVELOPMENT_TEAM = 9D42V74SS4;
				INFOPLIST_FILE = ParstagramUITests/Info.plist;
				LD_RUNPATH_SEARCH_PATHS = (
					"$(inherited)",
					"@executable_path/Frameworks",
					"@loader_path/Frameworks",
				);
				PRODUCT_BUNDLE_IDENTIFIER = com.willgao.ParstagramUITests;
				PRODUCT_NAME = "$(TARGET_NAME)";
				SWIFT_VERSION = 5.0;
				TARGETED_DEVICE_FAMILY = "1,2";
				TEST_TARGET_NAME = Parstagram;
			};
			name = Release;
		};
/* End XCBuildConfiguration section */

/* Begin XCConfigurationList section */
		6064168C238632EF00FC9B4F /* Build configuration list for PBXProject "Parstagram" */ = {
			isa = XCConfigurationList;
			buildConfigurations = (
				606416B9238632F100FC9B4F /* Debug */,
				606416BA238632F100FC9B4F /* Release */,
			);
			defaultConfigurationIsVisible = 0;
			defaultConfigurationName = Release;
		};
		606416BB238632F100FC9B4F /* Build configuration list for PBXNativeTarget "Parstagram" */ = {
			isa = XCConfigurationList;
			buildConfigurations = (
				606416BC238632F100FC9B4F /* Debug */,
				606416BD238632F100FC9B4F /* Release */,
			);
			defaultConfigurationIsVisible = 0;
			defaultConfigurationName = Release;
		};
		606416BE238632F100FC9B4F /* Build configuration list for PBXNativeTarget "ParstagramTests" */ = {
			isa = XCConfigurationList;
			buildConfigurations = (
				606416BF238632F100FC9B4F /* Debug */,
				606416C0238632F100FC9B4F /* Release */,
			);
			defaultConfigurationIsVisible = 0;
			defaultConfigurationName = Release;
		};
		606416C1238632F100FC9B4F /* Build configuration list for PBXNativeTarget "ParstagramUITests" */ = {
			isa = XCConfigurationList;
			buildConfigurations = (
				606416C2238632F100FC9B4F /* Debug */,
				606416C3238632F100FC9B4F /* Release */,
			);
			defaultConfigurationIsVisible = 0;
			defaultConfigurationName = Release;
		};
/* End XCConfigurationList section */
	};
	rootObject = 60641689238632EF00FC9B4F /* Project object */;
}
